
Microsoft Visual Studio Solution File, Format Version 12.00
# Visual Studio Version 16
VisualStudioVersion = 16.0.32802.440
MinimumVisualStudioVersion = 10.0.40219.1
Project("{FAE04EC0-301F-11D3-BF4B-00C04F79EFBC}") = "LimbleIntegration", "LimbleIntegration.csproj", "{51D2A98F-FAFA-4014-B015-20F53518EEC4}"
EndProject
Global
	GlobalSection(SolutionConfigurationPlatforms) = preSolution
		Debug|Any CPU = Debug|Any CPU
		Release|Any CPU = Release|Any CPU
	EndGlobalSection
	GlobalSection(ProjectConfigurationPlatforms) = postSolution
		{51D2A98F-FAFA-4014-B015-20F53518EEC4}.Debug|Any CPU.ActiveCfg = Debug|Any CPU
		{51D2A98F-FAFA-4014-B015-20F53518EEC4}.Debug|Any CPU.Build.0 = Debug|Any CPU
		{51D2A98F-FAFA-4014-B015-20F53518EEC4}.Release|Any CPU.ActiveCfg = Release|Any CPU
		{51D2A98F-FAFA-4014-B015-20F53518EEC4}.Release|Any CPU.Build.0 = Release|Any CPU
	EndGlobalSection
	GlobalSection(SolutionProperties) = preSolution
		HideSolutionNode = FALSE
	EndGlobalSection
	GlobalSection(ExtensibilityGlobals) = postSolution
		SolutionGuid = {A775EB88-9675-4FF0-89D3-73DE3A1F0869}
	EndGlobalSection
EndGlobal
